<?xml version="1.0" encoding="utf-8"?>
<Project ToolsVersion="4.0" xmlns="http://schemas.microsoft.com/developer/msbuild/2003">
  <ItemGroup>
    <Filter Include="Source Files">
      <UniqueIdentifier>{4FC737F1-C7A5-4376-A066-2A32D752A2FF}</UniqueIdentifier>
      <Extensions>cpp;c;cc;cxx;def;odl;idl;hpj;bat;asm;asmx</Extensions>
    </Filter>
    <Filter Include="Header Files">
      <UniqueIdentifier>{93995380-89BD-4b04-88EB-625FBE52EBFB}</UniqueIdentifier>
      <Extensions>h;hh;hpp;hxx;hm;inl;inc;xsd</Extensions>
    </Filter>
    <Filter Include="Resource Files">
      <UniqueIdentifier>{67DA6AB6-F800-4c08-8B7A-83BB121AAD01}</UniqueIdentifier>
      <Extensions>rc;ico;cur;bmp;dlg;rc2;rct;bin;rgs;gif;jpg;jpeg;jpe;resx;tiff;tif;png;wav;mfcribbon-ms</Extensions>
    </Filter>
    <Filter Include="Resource Files\shaders">
      <UniqueIdentifier>{73680a8a-bc85-4496-afcd-bf8da96fd330}</UniqueIdentifier>
    </Filter>
    <Filter Include="Resource Files\cube_map">
      <UniqueIdentifier>{f16e7410-7ea1-4f87-8bba-67433caf8d40}</UniqueIdentifier>
    </Filter>
    <Filter Include="Header Files\Components">
      <UniqueIdentifier>{2727026b-7411-43b1-a17b-1ef569c487ac}</UniqueIdentifier>
    </Filter>
    <Filter Include="Header Files\Managers">
      <UniqueIdentifier>{4f1d9a83-5e0d-423f-8f56-84b7e05d3f72}</UniqueIdentifier>
    </Filter>
    <Filter Include="Header Files\Scenes">
      <UniqueIdentifier>{2e7cefba-2ec9-4836-aab0-0c58fc17e676}</UniqueIdentifier>
    </Filter>
    <Filter Include="Header Files\Scene Objects">
      <UniqueIdentifier>{f46fc9b2-564a-46c4-ad1d-94b53c32fc02}</UniqueIdentifier>
    </Filter>
    <Filter Include="Source Files\Components">
      <UniqueIdentifier>{9269f4d6-e0dd-4093-b313-031851cb6d2a}</UniqueIdentifier>
    </Filter>
    <Filter Include="Source Files\Managers">
      <UniqueIdentifier>{435f93a3-cddb-44b2-b030-bc1f2e369fb0}</UniqueIdentifier>
    </Filter>
    <Filter Include="Source Files\Scenes">
      <UniqueIdentifier>{79ec27c7-d232-4a96-b5c2-dbd0311e2887}</UniqueIdentifier>
    </Filter>
    <Filter Include="Header Files\Components\Graphics">
      <UniqueIdentifier>{ba74115c-65db-44a2-b8e1-9ba4f938e49d}</UniqueIdentifier>
    </Filter>
    <Filter Include="Source Files\Scene Objects">
      <UniqueIdentifier>{b4bc9975-6aeb-429d-81c7-c2a0d05abaec}</UniqueIdentifier>
    </Filter>
    <Filter Include="Resource Files\xml">
      <UniqueIdentifier>{7e19cee9-b533-4f54-8c1f-f52d39bc2162}</UniqueIdentifier>
    </Filter>
    <Filter Include="Source Files\Components\Graphics">
      <UniqueIdentifier>{aa7bff3c-7044-44fc-9f73-2e8e10d78fe1}</UniqueIdentifier>
    </Filter>
    <Filter Include="Header Files\Components\Audio &amp; UI">
      <UniqueIdentifier>{21bf01ef-3b6a-462e-9ee8-6b16e3845f2f}</UniqueIdentifier>
    </Filter>
    <Filter Include="Source Files\Components\Audio &amp; UI">
      <UniqueIdentifier>{fb24592b-2f4f-4b38-bd42-a573ad98f55f}</UniqueIdentifier>
    </Filter>
    <Filter Include="Header Files\Python">
      <UniqueIdentifier>{67bfc10a-97e3-4a88-89e6-7be89c9c1c20}</UniqueIdentifier>
    </Filter>
    <Filter Include="Source Files\Python">
      <UniqueIdentifier>{47522bc4-f89a-4f18-813d-5e8ddc0b665a}</UniqueIdentifier>
    </Filter>
    <Filter Include="Header Files\ASR">
      <UniqueIdentifier>{4d0f5e98-49ae-4780-ba92-78ff4aa66fd7}</UniqueIdentifier>
    </Filter>
    <Filter Include="Header Files\NLP">
      <UniqueIdentifier>{105f1315-5ff7-49d2-a364-3a49ab9b0b44}</UniqueIdentifier>
    </Filter>
    <Filter Include="Header Files\NLP\Engine Commands">
      <UniqueIdentifier>{f40f2f76-3b85-4f95-a22f-247275bd3a8c}</UniqueIdentifier>
    </Filter>
    <Filter Include="Header Files\NLP\Agent States">
      <UniqueIdentifier>{2b1d0280-95b9-45bd-a90c-5d84679a8cba}</UniqueIdentifier>
    </Filter>
    <Filter Include="Header Files\NLP\Integration">
      <UniqueIdentifier>{79f9d3f9-a0ca-401a-b8af-7972bb0c0cc6}</UniqueIdentifier>
    </Filter>
    <Filter Include="Source Files\NLP">
      <UniqueIdentifier>{c083fa40-f2ab-404a-af4b-82ea54116d5c}</UniqueIdentifier>
    </Filter>
    <Filter Include="Source Files\NLP\Agent States">
      <UniqueIdentifier>{da81031e-1575-453a-919d-1e9c6b78e6f5}</UniqueIdentifier>
    </Filter>
    <Filter Include="Source Files\NLP\Engine Commands">
      <UniqueIdentifier>{fa26c9f4-9505-4721-9029-d69b71b513f4}</UniqueIdentifier>
    </Filter>
    <Filter Include="Source Files\NLP\Integration">
      <UniqueIdentifier>{be0a7741-d8e3-413a-b940-15d509e9984b}</UniqueIdentifier>
    </Filter>
    <Filter Include="Source Files\ASR">
      <UniqueIdentifier>{56ca9e89-58dd-43ee-89b0-5479a2695ca0}</UniqueIdentifier>
    </Filter>
  </ItemGroup>
  <ItemGroup>
    <None Include="resources\shaders\basic.vert">
      <Filter>Resource Files\shaders</Filter>
    </None>
    <None Include="resources\shaders\basic.frag">
      <Filter>Resource Files\shaders</Filter>
    </None>
    <None Include="resources\shaders\skybox.frag">
      <Filter>Resource Files\shaders</Filter>
    </None>
    <None Include="resources\shaders\skybox.vert">
      <Filter>Resource Files\shaders</Filter>
    </None>
    <None Include="resources\shaders\splashscreen.frag">
      <Filter>Resource Files\shaders</Filter>
    </None>
    <None Include="resources\shaders\splashscreen.vert">
      <Filter>Resource Files\shaders</Filter>
    </None>
    <None Include="resources\shaders\text.frag">
      <Filter>Resource Files\shaders</Filter>
    </None>
    <None Include="resources\shaders\text.vert">
      <Filter>Resource Files\shaders</Filter>
    </None>
    <None Include="resources\shaders\texture.frag">
      <Filter>Resource Files\shaders</Filter>
    </None>
    <None Include="resources\shaders\texture.vert">
      <Filter>Resource Files\shaders</Filter>
    </None>
  </ItemGroup>
  <ItemGroup>
    <ClInclude Include="include\stdafx.h">
      <Filter>Header Files</Filter>
    </ClInclude>
    <ClInclude Include="include\Config.h">
      <Filter>Header Files</Filter>
    </ClInclude>
    <ClInclude Include="include\CubeMap.h">
      <Filter>Header Files</Filter>
    </ClInclude>
    <ClInclude Include="include\CameraManager.h">
      <Filter>Header Files\Managers</Filter>
    </ClInclude>
    <ClInclude Include="include\ModelManager.h">
      <Filter>Header Files\Managers</Filter>
    </ClInclude>
    <ClInclude Include="include\SceneManager.h">
      <Filter>Header Files\Managers</Filter>
    </ClInclude>
    <ClInclude Include="include\ShaderManager.h">
      <Filter>Header Files\Managers</Filter>
    </ClInclude>
    <ClInclude Include="include\Scene.h">
      <Filter>Header Files\Scenes</Filter>
    </ClInclude>
    <ClInclude Include="include\StartScene.h">
      <Filter>Header Files\Scenes</Filter>
    </ClInclude>
    <ClInclude Include="include\TextureManager.h">
      <Filter>Header Files\Managers</Filter>
    </ClInclude>
    <ClInclude Include="include\MainScene.h">
      <Filter>Header Files\Scenes</Filter>
    </ClInclude>
    <ClInclude Include="include\SceneObject.h">
      <Filter>Header Files\Scene Objects</Filter>
    </ClInclude>
    <ClInclude Include="include\SceneModel.h">
      <Filter>Header Files\Scene Objects</Filter>
    </ClInclude>
    <ClInclude Include="include\SceneLight.h">
      <Filter>Header Files\Scene Objects</Filter>
    </ClInclude>
    <ClInclude Include="include\Bitmap.h">
      <Filter>Header Files\Components\Graphics</Filter>
    </ClInclude>
    <ClInclude Include="include\Camera.h">
      <Filter>Header Files\Components\Graphics</Filter>
    </ClInclude>
    <ClInclude Include="include\Drawable.h">
      <Filter>Header Files\Components\Graphics</Filter>
    </ClInclude>
    <ClInclude Include="include\FragmentShader.h">
      <Filter>Header Files\Components\Graphics</Filter>
    </ClInclude>
    <ClInclude Include="include\Material.h">
      <Filter>Header Files\Components\Graphics</Filter>
    </ClInclude>
    <ClInclude Include="include\Mesh.h">
      <Filter>Header Files\Components\Graphics</Filter>
    </ClInclude>
    <ClInclude Include="include\Model.h">
      <Filter>Header Files\Components\Graphics</Filter>
    </ClInclude>
    <ClInclude Include="include\Shader.h">
      <Filter>Header Files\Components\Graphics</Filter>
    </ClInclude>
    <ClInclude Include="include\ShaderProgram.h">
      <Filter>Header Files\Components\Graphics</Filter>
    </ClInclude>
    <ClInclude Include="include\Texture.h">
      <Filter>Header Files\Components\Graphics</Filter>
    </ClInclude>
    <ClInclude Include="include\Transformable.h">
      <Filter>Header Files\Components\Graphics</Filter>
    </ClInclude>
    <ClInclude Include="include\VertexShader.h">
      <Filter>Header Files\Components\Graphics</Filter>
    </ClInclude>
    <ClInclude Include="include\AssetManager.h">
      <Filter>Header Files\Managers</Filter>
    </ClInclude>
    <ClInclude Include="include\ObjectFactory.h">
      <Filter>Header Files</Filter>
    </ClInclude>
    <ClInclude Include="include\Light.h">
      <Filter>Header Files\Components\Graphics</Filter>
    </ClInclude>
    <ClInclude Include="include\DirectionalLight.h">
      <Filter>Header Files\Components\Graphics</Filter>
    </ClInclude>
    <ClInclude Include="include\PointLight.h">
      <Filter>Header Files\Components\Graphics</Filter>
    </ClInclude>
    <ClInclude Include="include\SpotLight.h">
      <Filter>Header Files\Components\Graphics</Filter>
    </ClInclude>
    <ClInclude Include="include\Channel.h">
      <Filter>Header Files\Managers</Filter>
    </ClInclude>
    <ClInclude Include="include\SoundManager.h">
      <Filter>Header Files\Managers</Filter>
    </ClInclude>
    <ClInclude Include="src\Object.cpp">
      <Filter>Source Files\Components\Graphics</Filter>
    </ClInclude>
    <ClInclude Include="include\ArtifIntelligent.h">
      <Filter>Header Files</Filter>
    </ClInclude>
    <ClInclude Include="include\Button.h">
      <Filter>Header Files\Components\Audio &amp; UI</Filter>
    </ClInclude>
    <ClInclude Include="include\FmodSettings.h">
      <Filter>Header Files\Components\Audio &amp; UI</Filter>
    </ClInclude>
    <ClInclude Include="include\ft2build.h">
      <Filter>Header Files\Components\Audio &amp; UI</Filter>
    </ClInclude>
    <ClInclude Include="include\imageComponent.h">
      <Filter>Header Files\Components\Audio &amp; UI</Filter>
    </ClInclude>
    <ClInclude Include="include\Sound2DComponent.h">
      <Filter>Header Files\Components\Audio &amp; UI</Filter>
    </ClInclude>
    <ClInclude Include="include\Sound3DComponent.h">
      <Filter>Header Files\Components\Audio &amp; UI</Filter>
    </ClInclude>
    <ClInclude Include="include\splashScreen.h">
      <Filter>Header Files\Components\Audio &amp; UI</Filter>
    </ClInclude>
    <ClInclude Include="include\textRender.h">
      <Filter>Header Files\Components\Audio &amp; UI</Filter>
    </ClInclude>
    <ClInclude Include="include\TextureLoader.h">
      <Filter>Header Files\Components\Audio &amp; UI</Filter>
    </ClInclude>
    <ClInclude Include="include\GuiManager.h">
      <Filter>Header Files\Components\Audio &amp; UI</Filter>
    </ClInclude>
    <ClInclude Include="include\PythonEmbedder.h">
      <Filter>Header Files\Python</Filter>
    </ClInclude>
    <ClInclude Include="include\PyModules.h">
      <Filter>Header Files\Python</Filter>
    </ClInclude>
    <ClInclude Include="include\SpeechRecognition.h">
      <Filter>Header Files\ASR</Filter>
    </ClInclude>
    <ClInclude Include="include\ObjectDescription.h">
      <Filter>Header Files\Scene Objects</Filter>
    </ClInclude>
    <ClInclude Include="include\UniqueIdDistributor.h">
      <Filter>Header Files</Filter>
    </ClInclude>
    <ClInclude Include="include\State.h">
      <Filter>Header Files\NLP\Agent States</Filter>
    </ClInclude>
    <ClInclude Include="include\SceneAnalyser.h">
      <Filter>Header Files\NLP\Integration</Filter>
    </ClInclude>
    <ClInclude Include="include\CommandInterpreter.h">
      <Filter>Header Files\NLP\Integration</Filter>
    </ClInclude>
    <ClInclude Include="include\EntityNames.h">
      <Filter>Header Files\NLP\Integration</Filter>
    </ClInclude>
    <ClInclude Include="include\EnumParser.h">
      <Filter>Header Files\NLP\Integration</Filter>
    </ClInclude>
    <ClInclude Include="include\AgentStates.h">
      <Filter>Header Files\NLP\Agent States</Filter>
    </ClInclude>
    <ClInclude Include="include\PyModuleData.h">
      <Filter>Header Files\Python</Filter>
    </ClInclude>
  </ItemGroup>
  <ItemGroup>
    <ClCompile Include="src\main.cpp">
      <Filter>Source Files</Filter>
    </ClCompile>
    <ClCompile Include="src\stdafx.cpp">
      <Filter>Source Files</Filter>
    </ClCompile>
    <ClCompile Include="src\CubeMap.cpp">
      <Filter>Source Files</Filter>
    </ClCompile>
    <ClCompile Include="src\SceneManager.cpp">
      <Filter>Source Files\Managers</Filter>
    </ClCompile>
    <ClCompile Include="src\ShaderManager.cpp">
      <Filter>Source Files\Managers</Filter>
    </ClCompile>
    <ClCompile Include="src\MainScene.cpp">
      <Filter>Source Files\Scenes</Filter>
    </ClCompile>
    <ClCompile Include="src\StartScene.cpp">
      <Filter>Source Files\Scenes</Filter>
    </ClCompile>
    <ClCompile Include="src\gl_core_4_3.cpp">
      <Filter>Source Files</Filter>
    </ClCompile>
    <ClCompile Include="src\SceneObject.cpp">
      <Filter>Source Files\Scene Objects</Filter>
    </ClCompile>
    <ClCompile Include="src\SceneModel.cpp">
      <Filter>Source Files\Scene Objects</Filter>
    </ClCompile>
    <ClCompile Include="src\ObjectFactory.cpp">
      <Filter>Source Files</Filter>
    </ClCompile>
    <ClCompile Include="src\TextureManager.cpp">
      <Filter>Source Files\Managers</Filter>
    </ClCompile>
    <ClCompile Include="src\ModelManager.cpp">
      <Filter>Source Files\Managers</Filter>
    </ClCompile>
    <ClCompile Include="src\AssetManager.cpp">
      <Filter>Source Files\Managers</Filter>
    </ClCompile>
    <ClCompile Include="src\tinyxml2.cpp">
      <Filter>Source Files</Filter>
    </ClCompile>
    <ClCompile Include="src\Channel.cpp">
      <Filter>Source Files\Managers</Filter>
    </ClCompile>
    <ClCompile Include="src\SoundManager.cpp">
      <Filter>Source Files\Managers</Filter>
    </ClCompile>
    <ClCompile Include="src\Bitmap.cpp">
      <Filter>Source Files\Components\Graphics</Filter>
    </ClCompile>
    <ClCompile Include="src\Camera.cpp">
      <Filter>Source Files\Components\Graphics</Filter>
    </ClCompile>
    <ClCompile Include="src\Material.cpp">
      <Filter>Source Files\Components\Graphics</Filter>
    </ClCompile>
    <ClCompile Include="src\Mesh.cpp">
      <Filter>Source Files\Components\Graphics</Filter>
    </ClCompile>
    <ClCompile Include="src\Model.cpp">
      <Filter>Source Files\Components\Graphics</Filter>
    </ClCompile>
    <ClCompile Include="src\Shader.cpp">
      <Filter>Source Files\Components\Graphics</Filter>
    </ClCompile>
    <ClCompile Include="src\ShaderProgram.cpp">
      <Filter>Source Files\Components\Graphics</Filter>
    </ClCompile>
    <ClCompile Include="src\Texture.cpp">
      <Filter>Source Files\Components\Graphics</Filter>
    </ClCompile>
    <ClCompile Include="src\Transformable.cpp">
      <Filter>Source Files\Components\Graphics</Filter>
    </ClCompile>
    <ClCompile Include="src\ArtifIntelligence.cpp">
      <Filter>Source Files</Filter>
    </ClCompile>
    <ClCompile Include="src\Button.cpp">
      <Filter>Source Files\Components\Audio &amp; UI</Filter>
    </ClCompile>
    <ClCompile Include="src\FmodSettings.cpp">
      <Filter>Source Files\Components\Audio &amp; UI</Filter>
    </ClCompile>
    <ClCompile Include="src\GuiManager.cpp">
      <Filter>Source Files\Components\Audio &amp; UI</Filter>
    </ClCompile>
    <ClCompile Include="src\imageComponent.cpp">
      <Filter>Source Files\Components\Audio &amp; UI</Filter>
    </ClCompile>
    <ClCompile Include="src\Sound2DComponent.cpp">
      <Filter>Source Files\Components\Audio &amp; UI</Filter>
    </ClCompile>
    <ClCompile Include="src\Sound3DComponent.cpp">
      <Filter>Source Files\Components\Audio &amp; UI</Filter>
    </ClCompile>
    <ClCompile Include="src\splashScreen.cpp">
      <Filter>Source Files\Components\Audio &amp; UI</Filter>
    </ClCompile>
    <ClCompile Include="src\textRender.cpp">
      <Filter>Source Files\Components\Audio &amp; UI</Filter>
    </ClCompile>
    <ClCompile Include="src\TextureLoader.cpp">
      <Filter>Source Files\Components\Audio &amp; UI</Filter>
    </ClCompile>
    <ClCompile Include="src\PythonEmbedder.cpp">
      <Filter>Source Files\Python</Filter>
    </ClCompile>
    <ClCompile Include="src\AgentStates.cpp">
      <Filter>Source Files\NLP\Agent States</Filter>
    </ClCompile>
    <ClCompile Include="src\SceneAnalyser.cpp">
      <Filter>Source Files\NLP\Integration</Filter>
    </ClCompile>
    <ClCompile Include="src\CommandInterpreter.cpp">
      <Filter>Source Files\NLP\Integration</Filter>
    </ClCompile>
    <ClCompile Include="src\SpeechRecognition.cpp">
      <Filter>Source Files\ASR</Filter>
    </ClCompile>
  </ItemGroup>
  <ItemGroup>
    <Xml Include="resources\xml\gameLayout.xml">
      <Filter>Resource Files\xml</Filter>
    </Xml>
    <Xml Include="resources\xml\menuLayout.xml">
      <Filter>Resource Files\xml</Filter>
    </Xml>
  </ItemGroup>
</Project>